
Microsoft Visual Studio Solution File, Format Version 12.00
# Blend for Visual Studio Version 17
VisualStudioVersion = 17.3.32929.385
MinimumVisualStudioVersion = 10.0.40219.1
Project("{FAE04EC0-301F-11D3-BF4B-00C04F79EFBC}") = "Carusel", "Carusel\Carusel.csproj", "{1C313509-F936-4F4C-B113-8400AB31A384}"
EndProject
Global
	GlobalSection(SolutionConfigurationPlatforms) = preSolution
		Debug|Any CPU = Debug|Any CPU
		Release|Any CPU = Release|Any CPU
	EndGlobalSection
	GlobalSection(ProjectConfigurationPlatforms) = postSolution
		{1C313509-F936-4F4C-B113-8400AB31A384}.Debug|Any CPU.ActiveCfg = Debug|Any CPU
		{1C313509-F936-4F4C-B113-8400AB31A384}.Debug|Any CPU.Build.0 = Debug|Any CPU
		{1C313509-F936-4F4C-B113-8400AB31A384}.Release|Any CPU.ActiveCfg = Release|Any CPU
		{1C313509-F936-4F4C-B113-8400AB31A384}.Release|Any CPU.Build.0 = Release|Any CPU
	EndGlobalSection
	GlobalSection(SolutionProperties) = preSolution
		HideSolutionNode = FALSE
	EndGlobalSection
	GlobalSection(ExtensibilityGlobals) = postSolution
		SolutionGuid = {3F085372-64DF-4B87-AE7A-926557EB57A9}
	EndGlobalSection
EndGlobal
